
Microsoft Visual Studio Solution File, Format Version 12.00
# Visual Studio Version 17
VisualStudioVersion = 17.5.002.0
MinimumVisualStudioVersion = 10.0.40219.1
Project("{9A19103F-16F7-4668-BE54-9A1E7A4F7556}") = "lexicographical_numbers", "lexicographical_numbers.csproj", "{B40CEBC7-3D15-4100-89DD-9C6493D6E9DA}"
EndProject
Global
	GlobalSection(SolutionConfigurationPlatforms) = preSolution
		Debug|Any CPU = Debug|Any CPU
		Release|Any CPU = Release|Any CPU
	EndGlobalSection
	GlobalSection(ProjectConfigurationPlatforms) = postSolution
		{B40CEBC7-3D15-4100-89DD-9C6493D6E9DA}.Debug|Any CPU.ActiveCfg = Debug|Any CPU
		{B40CEBC7-3D15-4100-89DD-9C6493D6E9DA}.Debug|Any CPU.Build.0 = Debug|Any CPU
		{B40CEBC7-3D15-4100-89DD-9C6493D6E9DA}.Release|Any CPU.ActiveCfg = Release|Any CPU
		{B40CEBC7-3D15-4100-89DD-9C6493D6E9DA}.Release|Any CPU.Build.0 = Release|Any CPU
	EndGlobalSection
	GlobalSection(SolutionProperties) = preSolution
		HideSolutionNode = FALSE
	EndGlobalSection
	GlobalSection(ExtensibilityGlobals) = postSolution
		SolutionGuid = {4E9E8EE7-6D9B-4FBA-9D64-5A2EFA8DDAC3}
	EndGlobalSection
EndGlobal
